
Microsoft Visual Studio Solution File, Format Version 12.00
# Visual Studio Version 17
VisualStudioVersion = 17.2.32616.157
MinimumVisualStudioVersion = 10.0.40219.1
Project("{FAE04EC0-301F-11D3-BF4B-00C04F79EFBC}") = "KullanıcınınGirdigiDegerKadarSayıYazdırma", "KullanıcınınGirdigiDegerKadarSayıYazdırma.csproj", "{6A4C2659-FC48-428B-972A-C8E88DC26B91}"
EndProject
Global
	GlobalSection(SolutionConfigurationPlatforms) = preSolution
		Debug|Any CPU = Debug|Any CPU
		Release|Any CPU = Release|Any CPU
	EndGlobalSection
	GlobalSection(ProjectConfigurationPlatforms) = postSolution
		{6A4C2659-FC48-428B-972A-C8E88DC26B91}.Debug|Any CPU.ActiveCfg = Debug|Any CPU
		{6A4C2659-FC48-428B-972A-C8E88DC26B91}.Debug|Any CPU.Build.0 = Debug|Any CPU
		{6A4C2659-FC48-428B-972A-C8E88DC26B91}.Release|Any CPU.ActiveCfg = Release|Any CPU
		{6A4C2659-FC48-428B-972A-C8E88DC26B91}.Release|Any CPU.Build.0 = Release|Any CPU
	EndGlobalSection
	GlobalSection(SolutionProperties) = preSolution
		HideSolutionNode = FALSE
	EndGlobalSection
	GlobalSection(ExtensibilityGlobals) = postSolution
		SolutionGuid = {01141CBF-4E37-4A51-AC97-DF40F69226E1}
	EndGlobalSection
EndGlobal
